
Microsoft Visual Studio Solution File, Format Version 12.00
# Visual Studio Version 17
VisualStudioVersion = 17.5.33530.505
MinimumVisualStudioVersion = 10.0.40219.1
Project("{9A19103F-16F7-4668-BE54-9A1E7A4F7556}") = "eventapp", "eventapp.csproj", "{1E672135-F07C-429A-B7E1-7050C84AAEC5}"
EndProject
Global
	GlobalSection(SolutionConfigurationPlatforms) = preSolution
		Debug|Any CPU = Debug|Any CPU
		Release|Any CPU = Release|Any CPU
	EndGlobalSection
	GlobalSection(ProjectConfigurationPlatforms) = postSolution
		{1E672135-F07C-429A-B7E1-7050C84AAEC5}.Debug|Any CPU.ActiveCfg = Debug|Any CPU
		{1E672135-F07C-429A-B7E1-7050C84AAEC5}.Debug|Any CPU.Build.0 = Debug|Any CPU
		{1E672135-F07C-429A-B7E1-7050C84AAEC5}.Release|Any CPU.ActiveCfg = Release|Any CPU
		{1E672135-F07C-429A-B7E1-7050C84AAEC5}.Release|Any CPU.Build.0 = Release|Any CPU
	EndGlobalSection
	GlobalSection(SolutionProperties) = preSolution
		HideSolutionNode = FALSE
	EndGlobalSection
	GlobalSection(ExtensibilityGlobals) = postSolution
		SolutionGuid = {531500E1-3238-4B24-ABA6-96FB09392F91}
	EndGlobalSection
EndGlobal
